
Microsoft Visual Studio Solution File, Format Version 12.00
# Visual Studio 15
VisualStudioVersion = 15.0.27130.2027
MinimumVisualStudioVersion = 10.0.40219.1
Project("{FAE04EC0-301F-11D3-BF4B-00C04F79EFBC}") = "ImageDownloader", "ImageDownloader\ImageDownloader.csproj", "{DEF1DD4E-7859-43D5-ADF1-D8D640E69107}"
EndProject
Global
	GlobalSection(SolutionConfigurationPlatforms) = preSolution
		Debug|Any CPU = Debug|Any CPU
		Release|Any CPU = Release|Any CPU
	EndGlobalSection
	GlobalSection(ProjectConfigurationPlatforms) = postSolution
		{DEF1DD4E-7859-43D5-ADF1-D8D640E69107}.Debug|Any CPU.ActiveCfg = Debug|Any CPU
		{DEF1DD4E-7859-43D5-ADF1-D8D640E69107}.Debug|Any CPU.Build.0 = Debug|Any CPU
		{DEF1DD4E-7859-43D5-ADF1-D8D640E69107}.Release|Any CPU.ActiveCfg = Release|Any CPU
		{DEF1DD4E-7859-43D5-ADF1-D8D640E69107}.Release|Any CPU.Build.0 = Release|Any CPU
	EndGlobalSection
	GlobalSection(SolutionProperties) = preSolution
		HideSolutionNode = FALSE
	EndGlobalSection
	GlobalSection(ExtensibilityGlobals) = postSolution
		SolutionGuid = {7CF39E38-438E-48D3-AD35-B53849B8A970}
	EndGlobalSection
EndGlobal
